
Microsoft Visual Studio Solution File, Format Version 12.00
# Visual Studio Version 16
VisualStudioVersion = 16.0.30225.117
MinimumVisualStudioVersion = 10.0.40219.1
Project("{FAE04EC0-301F-11D3-BF4B-00C04F79EFBC}") = "tree-intersection", "tree-intersection\tree-intersection.csproj", "{6B3B9D0A-3505-4E1C-AB76-62E4593E3DAA}"
EndProject
Project("{FAE04EC0-301F-11D3-BF4B-00C04F79EFBC}") = "TreeInteresectionTests", "TreeInteresectionTests\TreeInteresectionTests.csproj", "{1BD9FFCF-904B-4CF6-AB3D-004160296F60}"
EndProject
Global
	GlobalSection(SolutionConfigurationPlatforms) = preSolution
		Debug|Any CPU = Debug|Any CPU
		Release|Any CPU = Release|Any CPU
	EndGlobalSection
	GlobalSection(ProjectConfigurationPlatforms) = postSolution
		{6B3B9D0A-3505-4E1C-AB76-62E4593E3DAA}.Debug|Any CPU.ActiveCfg = Debug|Any CPU
		{6B3B9D0A-3505-4E1C-AB76-62E4593E3DAA}.Debug|Any CPU.Build.0 = Debug|Any CPU
		{6B3B9D0A-3505-4E1C-AB76-62E4593E3DAA}.Release|Any CPU.ActiveCfg = Release|Any CPU
		{6B3B9D0A-3505-4E1C-AB76-62E4593E3DAA}.Release|Any CPU.Build.0 = Release|Any CPU
		{1BD9FFCF-904B-4CF6-AB3D-004160296F60}.Debug|Any CPU.ActiveCfg = Debug|Any CPU
		{1BD9FFCF-904B-4CF6-AB3D-004160296F60}.Debug|Any CPU.Build.0 = Debug|Any CPU
		{1BD9FFCF-904B-4CF6-AB3D-004160296F60}.Release|Any CPU.ActiveCfg = Release|Any CPU
		{1BD9FFCF-904B-4CF6-AB3D-004160296F60}.Release|Any CPU.Build.0 = Release|Any CPU
	EndGlobalSection
	GlobalSection(SolutionProperties) = preSolution
		HideSolutionNode = FALSE
	EndGlobalSection
	GlobalSection(ExtensibilityGlobals) = postSolution
		SolutionGuid = {F5E4BDDD-81AC-4D72-97BF-839CA8582201}
	EndGlobalSection
EndGlobal
