
Microsoft Visual Studio Solution File, Format Version 12.00
# Visual Studio Version 16
VisualStudioVersion = 16.0.30225.117
MinimumVisualStudioVersion = 10.0.40219.1
Project("{FAE04EC0-301F-11D3-BF4B-00C04F79EFBC}") = "HashtableLibrary", "HashtableLibrary\HashtableLibrary.csproj", "{F70C09A0-C56D-4181-B4BA-CEA3BFB16B31}"
EndProject
Project("{FAE04EC0-301F-11D3-BF4B-00C04F79EFBC}") = "HashtableTests", "HashtableTests\HashtableTests.csproj", "{AC8F089C-5F89-49D3-91CD-03529BFB06BE}"
EndProject
Global
	GlobalSection(SolutionConfigurationPlatforms) = preSolution
		Debug|Any CPU = Debug|Any CPU
		Release|Any CPU = Release|Any CPU
	EndGlobalSection
	GlobalSection(ProjectConfigurationPlatforms) = postSolution
		{F70C09A0-C56D-4181-B4BA-CEA3BFB16B31}.Debug|Any CPU.ActiveCfg = Debug|Any CPU
		{F70C09A0-C56D-4181-B4BA-CEA3BFB16B31}.Debug|Any CPU.Build.0 = Debug|Any CPU
		{F70C09A0-C56D-4181-B4BA-CEA3BFB16B31}.Release|Any CPU.ActiveCfg = Release|Any CPU
		{F70C09A0-C56D-4181-B4BA-CEA3BFB16B31}.Release|Any CPU.Build.0 = Release|Any CPU
		{AC8F089C-5F89-49D3-91CD-03529BFB06BE}.Debug|Any CPU.ActiveCfg = Debug|Any CPU
		{AC8F089C-5F89-49D3-91CD-03529BFB06BE}.Debug|Any CPU.Build.0 = Debug|Any CPU
		{AC8F089C-5F89-49D3-91CD-03529BFB06BE}.Release|Any CPU.ActiveCfg = Release|Any CPU
		{AC8F089C-5F89-49D3-91CD-03529BFB06BE}.Release|Any CPU.Build.0 = Release|Any CPU
	EndGlobalSection
	GlobalSection(SolutionProperties) = preSolution
		HideSolutionNode = FALSE
	EndGlobalSection
	GlobalSection(ExtensibilityGlobals) = postSolution
		SolutionGuid = {7DB13390-C324-47C5-8A60-7273AD0B9F7F}
	EndGlobalSection
EndGlobal
