
Microsoft Visual Studio Solution File, Format Version 12.00
# Visual Studio Version 16
VisualStudioVersion = 16.0.31005.135
MinimumVisualStudioVersion = 10.0.40219.1
Project("{FAE04EC0-301F-11D3-BF4B-00C04F79EFBC}") = "FindTheMedianOf2Arrays", "FindTheMedianOf2Arrays\FindTheMedianOf2Arrays.csproj", "{DAAE5986-01B4-4E9A-8E51-45F44A64AF16}"
EndProject
Global
	GlobalSection(SolutionConfigurationPlatforms) = preSolution
		Debug|Any CPU = Debug|Any CPU
		Release|Any CPU = Release|Any CPU
	EndGlobalSection
	GlobalSection(ProjectConfigurationPlatforms) = postSolution
		{DAAE5986-01B4-4E9A-8E51-45F44A64AF16}.Debug|Any CPU.ActiveCfg = Debug|Any CPU
		{DAAE5986-01B4-4E9A-8E51-45F44A64AF16}.Debug|Any CPU.Build.0 = Debug|Any CPU
		{DAAE5986-01B4-4E9A-8E51-45F44A64AF16}.Release|Any CPU.ActiveCfg = Release|Any CPU
		{DAAE5986-01B4-4E9A-8E51-45F44A64AF16}.Release|Any CPU.Build.0 = Release|Any CPU
	EndGlobalSection
	GlobalSection(SolutionProperties) = preSolution
		HideSolutionNode = FALSE
	EndGlobalSection
	GlobalSection(ExtensibilityGlobals) = postSolution
		SolutionGuid = {A6CA51B6-9B9F-4860-9491-E423F1C8592D}
	EndGlobalSection
EndGlobal
