
Microsoft Visual Studio Solution File, Format Version 12.00
# Visual Studio Version 16
VisualStudioVersion = 16.0.31005.135
MinimumVisualStudioVersion = 10.0.40219.1
Project("{FAE04EC0-301F-11D3-BF4B-00C04F79EFBC}") = "SwapNodesInPairs", "SwapNodesInPairs\SwapNodesInPairs.csproj", "{B42703CB-CB9B-46B9-83F1-2FAC5C42F3F0}"
EndProject
Global
	GlobalSection(SolutionConfigurationPlatforms) = preSolution
		Debug|Any CPU = Debug|Any CPU
		Release|Any CPU = Release|Any CPU
	EndGlobalSection
	GlobalSection(ProjectConfigurationPlatforms) = postSolution
		{B42703CB-CB9B-46B9-83F1-2FAC5C42F3F0}.Debug|Any CPU.ActiveCfg = Debug|Any CPU
		{B42703CB-CB9B-46B9-83F1-2FAC5C42F3F0}.Debug|Any CPU.Build.0 = Debug|Any CPU
		{B42703CB-CB9B-46B9-83F1-2FAC5C42F3F0}.Release|Any CPU.ActiveCfg = Release|Any CPU
		{B42703CB-CB9B-46B9-83F1-2FAC5C42F3F0}.Release|Any CPU.Build.0 = Release|Any CPU
	EndGlobalSection
	GlobalSection(SolutionProperties) = preSolution
		HideSolutionNode = FALSE
	EndGlobalSection
	GlobalSection(ExtensibilityGlobals) = postSolution
		SolutionGuid = {05809A06-C0F7-4E26-8AEA-EFE4B22F89F8}
	EndGlobalSection
EndGlobal
