
Microsoft Visual Studio Solution File, Format Version 12.00
# Visual Studio Version 16
VisualStudioVersion = 16.0.30225.117
MinimumVisualStudioVersion = 10.0.40219.1
Project("{FAE04EC0-301F-11D3-BF4B-00C04F79EFBC}") = "FIFOAnimalShelter", "FIFOAnimalShelter\FIFOAnimalShelter.csproj", "{90C1C40C-68DE-46AF-9BE6-FF1773924F6B}"
EndProject
Project("{FAE04EC0-301F-11D3-BF4B-00C04F79EFBC}") = "AnimalShelterTests", "AnimalShelterTests\AnimalShelterTests.csproj", "{3B232493-11BA-4A35-A904-F13B59269B61}"
EndProject
Global
	GlobalSection(SolutionConfigurationPlatforms) = preSolution
		Debug|Any CPU = Debug|Any CPU
		Release|Any CPU = Release|Any CPU
	EndGlobalSection
	GlobalSection(ProjectConfigurationPlatforms) = postSolution
		{90C1C40C-68DE-46AF-9BE6-FF1773924F6B}.Debug|Any CPU.ActiveCfg = Debug|Any CPU
		{90C1C40C-68DE-46AF-9BE6-FF1773924F6B}.Debug|Any CPU.Build.0 = Debug|Any CPU
		{90C1C40C-68DE-46AF-9BE6-FF1773924F6B}.Release|Any CPU.ActiveCfg = Release|Any CPU
		{90C1C40C-68DE-46AF-9BE6-FF1773924F6B}.Release|Any CPU.Build.0 = Release|Any CPU
		{3B232493-11BA-4A35-A904-F13B59269B61}.Debug|Any CPU.ActiveCfg = Debug|Any CPU
		{3B232493-11BA-4A35-A904-F13B59269B61}.Debug|Any CPU.Build.0 = Debug|Any CPU
		{3B232493-11BA-4A35-A904-F13B59269B61}.Release|Any CPU.ActiveCfg = Release|Any CPU
		{3B232493-11BA-4A35-A904-F13B59269B61}.Release|Any CPU.Build.0 = Release|Any CPU
	EndGlobalSection
	GlobalSection(SolutionProperties) = preSolution
		HideSolutionNode = FALSE
	EndGlobalSection
	GlobalSection(ExtensibilityGlobals) = postSolution
		SolutionGuid = {6E9DB414-EB16-47FE-962E-4CB681E506FF}
	EndGlobalSection
EndGlobal
