
Microsoft Visual Studio Solution File, Format Version 12.00
# Visual Studio Version 16
VisualStudioVersion = 16.0.31005.135
MinimumVisualStudioVersion = 10.0.40219.1
Project("{FAE04EC0-301F-11D3-BF4B-00C04F79EFBC}") = "SubdomainVisits", "SubdomainVisits.csproj", "{307D502D-CADB-4C16-8A7D-791A39A7C666}"
EndProject
Global
	GlobalSection(SolutionConfigurationPlatforms) = preSolution
		Debug|Any CPU = Debug|Any CPU
		Release|Any CPU = Release|Any CPU
	EndGlobalSection
	GlobalSection(ProjectConfigurationPlatforms) = postSolution
		{307D502D-CADB-4C16-8A7D-791A39A7C666}.Debug|Any CPU.ActiveCfg = Debug|Any CPU
		{307D502D-CADB-4C16-8A7D-791A39A7C666}.Debug|Any CPU.Build.0 = Debug|Any CPU
		{307D502D-CADB-4C16-8A7D-791A39A7C666}.Release|Any CPU.ActiveCfg = Release|Any CPU
		{307D502D-CADB-4C16-8A7D-791A39A7C666}.Release|Any CPU.Build.0 = Release|Any CPU
	EndGlobalSection
	GlobalSection(SolutionProperties) = preSolution
		HideSolutionNode = FALSE
	EndGlobalSection
	GlobalSection(ExtensibilityGlobals) = postSolution
		SolutionGuid = {297BA7BE-8E2D-4497-96EC-C60627C1A9B8}
	EndGlobalSection
EndGlobal
