
Microsoft Visual Studio Solution File, Format Version 12.00
# Visual Studio Version 16
VisualStudioVersion = 16.0.30225.117
MinimumVisualStudioVersion = 10.0.40219.1
Project("{FAE04EC0-301F-11D3-BF4B-00C04F79EFBC}") = "InsertionSort", "SelectionSort\InsertionSort.csproj", "{D2A451E1-A11A-4441-99EB-59598C619994}"
EndProject
Project("{FAE04EC0-301F-11D3-BF4B-00C04F79EFBC}") = "InsertionSortTests", "InsertionSortTests\InsertionSortTests.csproj", "{F6C1FDEE-1006-4344-A6C6-86F6F43D8331}"
EndProject
Global
	GlobalSection(SolutionConfigurationPlatforms) = preSolution
		Debug|Any CPU = Debug|Any CPU
		Release|Any CPU = Release|Any CPU
	EndGlobalSection
	GlobalSection(ProjectConfigurationPlatforms) = postSolution
		{D2A451E1-A11A-4441-99EB-59598C619994}.Debug|Any CPU.ActiveCfg = Debug|Any CPU
		{D2A451E1-A11A-4441-99EB-59598C619994}.Debug|Any CPU.Build.0 = Debug|Any CPU
		{D2A451E1-A11A-4441-99EB-59598C619994}.Release|Any CPU.ActiveCfg = Release|Any CPU
		{D2A451E1-A11A-4441-99EB-59598C619994}.Release|Any CPU.Build.0 = Release|Any CPU
		{F6C1FDEE-1006-4344-A6C6-86F6F43D8331}.Debug|Any CPU.ActiveCfg = Debug|Any CPU
		{F6C1FDEE-1006-4344-A6C6-86F6F43D8331}.Debug|Any CPU.Build.0 = Debug|Any CPU
		{F6C1FDEE-1006-4344-A6C6-86F6F43D8331}.Release|Any CPU.ActiveCfg = Release|Any CPU
		{F6C1FDEE-1006-4344-A6C6-86F6F43D8331}.Release|Any CPU.Build.0 = Release|Any CPU
	EndGlobalSection
	GlobalSection(SolutionProperties) = preSolution
		HideSolutionNode = FALSE
	EndGlobalSection
	GlobalSection(ExtensibilityGlobals) = postSolution
		SolutionGuid = {C369BA50-A1C3-499E-952F-AB53EAD79A78}
	EndGlobalSection
EndGlobal
