
Microsoft Visual Studio Solution File, Format Version 12.00
# Visual Studio Version 16
VisualStudioVersion = 16.0.30225.117
MinimumVisualStudioVersion = 10.0.40219.1
Project("{FAE04EC0-301F-11D3-BF4B-00C04F79EFBC}") = "MatchingLeafsOnTwoTrees", "MatchingLeafsOnTwoTrees\MatchingLeafsOnTwoTrees.csproj", "{DDCC5420-AA39-4E24-AF09-AD9C1697A6CC}"
EndProject
Global
	GlobalSection(SolutionConfigurationPlatforms) = preSolution
		Debug|Any CPU = Debug|Any CPU
		Release|Any CPU = Release|Any CPU
	EndGlobalSection
	GlobalSection(ProjectConfigurationPlatforms) = postSolution
		{DDCC5420-AA39-4E24-AF09-AD9C1697A6CC}.Debug|Any CPU.ActiveCfg = Debug|Any CPU
		{DDCC5420-AA39-4E24-AF09-AD9C1697A6CC}.Debug|Any CPU.Build.0 = Debug|Any CPU
		{DDCC5420-AA39-4E24-AF09-AD9C1697A6CC}.Release|Any CPU.ActiveCfg = Release|Any CPU
		{DDCC5420-AA39-4E24-AF09-AD9C1697A6CC}.Release|Any CPU.Build.0 = Release|Any CPU
	EndGlobalSection
	GlobalSection(SolutionProperties) = preSolution
		HideSolutionNode = FALSE
	EndGlobalSection
	GlobalSection(ExtensibilityGlobals) = postSolution
		SolutionGuid = {0A703437-7C18-4A4B-9059-6B32365CC535}
	EndGlobalSection
EndGlobal
