
Microsoft Visual Studio Solution File, Format Version 12.00
# Visual Studio Version 16
VisualStudioVersion = 16.0.30413.136
MinimumVisualStudioVersion = 10.0.40219.1
Project("{FAE04EC0-301F-11D3-BF4B-00C04F79EFBC}") = "LongestCommonPrefix", "LongestCommonPrefix\LongestCommonPrefix.csproj", "{A3903191-C2A9-4A54-A38D-9FD43513B36A}"
EndProject
Global
	GlobalSection(SolutionConfigurationPlatforms) = preSolution
		Debug|Any CPU = Debug|Any CPU
		Release|Any CPU = Release|Any CPU
	EndGlobalSection
	GlobalSection(ProjectConfigurationPlatforms) = postSolution
		{A3903191-C2A9-4A54-A38D-9FD43513B36A}.Debug|Any CPU.ActiveCfg = Debug|Any CPU
		{A3903191-C2A9-4A54-A38D-9FD43513B36A}.Debug|Any CPU.Build.0 = Debug|Any CPU
		{A3903191-C2A9-4A54-A38D-9FD43513B36A}.Release|Any CPU.ActiveCfg = Release|Any CPU
		{A3903191-C2A9-4A54-A38D-9FD43513B36A}.Release|Any CPU.Build.0 = Release|Any CPU
	EndGlobalSection
	GlobalSection(SolutionProperties) = preSolution
		HideSolutionNode = FALSE
	EndGlobalSection
	GlobalSection(ExtensibilityGlobals) = postSolution
		SolutionGuid = {3E1A8C6B-CB7D-442C-99F8-2B74089555F7}
	EndGlobalSection
EndGlobal
