
Microsoft Visual Studio Solution File, Format Version 12.00
# Visual Studio Version 16
VisualStudioVersion = 16.0.30225.117
MinimumVisualStudioVersion = 10.0.40219.1
Project("{FAE04EC0-301F-11D3-BF4B-00C04F79EFBC}") = "QuickSort", "QuickSort\QuickSort.csproj", "{BE84A380-D503-4185-99D2-B0BD1794DA68}"
EndProject
Project("{FAE04EC0-301F-11D3-BF4B-00C04F79EFBC}") = "QuickSortTests", "QuickSortTests\QuickSortTests.csproj", "{075E409E-1052-4736-A14D-A18334CECE41}"
EndProject
Global
	GlobalSection(SolutionConfigurationPlatforms) = preSolution
		Debug|Any CPU = Debug|Any CPU
		Release|Any CPU = Release|Any CPU
	EndGlobalSection
	GlobalSection(ProjectConfigurationPlatforms) = postSolution
		{BE84A380-D503-4185-99D2-B0BD1794DA68}.Debug|Any CPU.ActiveCfg = Debug|Any CPU
		{BE84A380-D503-4185-99D2-B0BD1794DA68}.Debug|Any CPU.Build.0 = Debug|Any CPU
		{BE84A380-D503-4185-99D2-B0BD1794DA68}.Release|Any CPU.ActiveCfg = Release|Any CPU
		{BE84A380-D503-4185-99D2-B0BD1794DA68}.Release|Any CPU.Build.0 = Release|Any CPU
		{075E409E-1052-4736-A14D-A18334CECE41}.Debug|Any CPU.ActiveCfg = Debug|Any CPU
		{075E409E-1052-4736-A14D-A18334CECE41}.Debug|Any CPU.Build.0 = Debug|Any CPU
		{075E409E-1052-4736-A14D-A18334CECE41}.Release|Any CPU.ActiveCfg = Release|Any CPU
		{075E409E-1052-4736-A14D-A18334CECE41}.Release|Any CPU.Build.0 = Release|Any CPU
	EndGlobalSection
	GlobalSection(SolutionProperties) = preSolution
		HideSolutionNode = FALSE
	EndGlobalSection
	GlobalSection(ExtensibilityGlobals) = postSolution
		SolutionGuid = {FB801FB5-A999-41EF-AD3D-DF36627096D9}
	EndGlobalSection
EndGlobal
