
Microsoft Visual Studio Solution File, Format Version 12.00
# Visual Studio Version 16
VisualStudioVersion = 16.0.30225.117
MinimumVisualStudioVersion = 10.0.40219.1
Project("{FAE04EC0-301F-11D3-BF4B-00C04F79EFBC}") = "LLZIP", "LLZIP\LLZIP.csproj", "{DE441777-B98D-4D8D-90CA-8BF2ECCAA935}"
EndProject
Project("{FAE04EC0-301F-11D3-BF4B-00C04F79EFBC}") = "LLZipTests", "LLZipTests\LLZipTests.csproj", "{BAB6EBBC-A0F9-42F7-B807-0AEF129FE65B}"
EndProject
Global
	GlobalSection(SolutionConfigurationPlatforms) = preSolution
		Debug|Any CPU = Debug|Any CPU
		Release|Any CPU = Release|Any CPU
	EndGlobalSection
	GlobalSection(ProjectConfigurationPlatforms) = postSolution
		{DE441777-B98D-4D8D-90CA-8BF2ECCAA935}.Debug|Any CPU.ActiveCfg = Debug|Any CPU
		{DE441777-B98D-4D8D-90CA-8BF2ECCAA935}.Debug|Any CPU.Build.0 = Debug|Any CPU
		{DE441777-B98D-4D8D-90CA-8BF2ECCAA935}.Release|Any CPU.ActiveCfg = Release|Any CPU
		{DE441777-B98D-4D8D-90CA-8BF2ECCAA935}.Release|Any CPU.Build.0 = Release|Any CPU
		{BAB6EBBC-A0F9-42F7-B807-0AEF129FE65B}.Debug|Any CPU.ActiveCfg = Debug|Any CPU
		{BAB6EBBC-A0F9-42F7-B807-0AEF129FE65B}.Debug|Any CPU.Build.0 = Debug|Any CPU
		{BAB6EBBC-A0F9-42F7-B807-0AEF129FE65B}.Release|Any CPU.ActiveCfg = Release|Any CPU
		{BAB6EBBC-A0F9-42F7-B807-0AEF129FE65B}.Release|Any CPU.Build.0 = Release|Any CPU
	EndGlobalSection
	GlobalSection(SolutionProperties) = preSolution
		HideSolutionNode = FALSE
	EndGlobalSection
	GlobalSection(ExtensibilityGlobals) = postSolution
		SolutionGuid = {A8220054-AAA9-4839-971A-B7E55C002C44}
	EndGlobalSection
EndGlobal
